// !$*UTF8*$!
{
	archiveVersion = 1;
	classes = {
	};
	objectVersion = 56;
	objects = {

/* Begin PBXBuildFile section */
		3E0847172A311AB100F8BB63 /* Extensions.swift in Sources */ = {isa = PBXBuildFile; fileRef = 3E0847162A311AB100F8BB63 /* Extensions.swift */; };
		3E08471B2A312A3D00F8BB63 /* TitleCollectionViewCell.swift in Sources */ = {isa = PBXBuildFile; fileRef = 3E08471A2A312A3D00F8BB63 /* TitleCollectionViewCell.swift */; };
		3E08471E2A312C5600F8BB63 /* SDWebImageSwiftUI in Frameworks */ = {isa = PBXBuildFile; productRef = 3E08471D2A312C5600F8BB63 /* SDWebImageSwiftUI */; };
		3E1E158D2A2C8B7C00C32C67 /* AppDelegate.swift in Sources */ = {isa = PBXBuildFile; fileRef = 3E1E158C2A2C8B7C00C32C67 /* AppDelegate.swift */; };
		3E1E158F2A2C8B7C00C32C67 /* SceneDelegate.swift in Sources */ = {isa = PBXBuildFile; fileRef = 3E1E158E2A2C8B7C00C32C67 /* SceneDelegate.swift */; };
		3E1E15912A2C8B7C00C32C67 /* MainTabBarViewController.swift in Sources */ = {isa = PBXBuildFile; fileRef = 3E1E15902A2C8B7C00C32C67 /* MainTabBarViewController.swift */; };
		3E1E15962A2C8B7E00C32C67 /* Assets.xcassets in Resources */ = {isa = PBXBuildFile; fileRef = 3E1E15952A2C8B7E00C32C67 /* Assets.xcassets */; };
		3E1E15992A2C8B7E00C32C67 /* LaunchScreen.storyboard in Resources */ = {isa = PBXBuildFile; fileRef = 3E1E15972A2C8B7E00C32C67 /* LaunchScreen.storyboard */; };
		3E1E15A22A2C8FB300C32C67 /* HomeViewController.swift in Sources */ = {isa = PBXBuildFile; fileRef = 3E1E15A12A2C8FB300C32C67 /* HomeViewController.swift */; };
		3E1E15A42A2C900A00C32C67 /* UpcomingViewController.swift in Sources */ = {isa = PBXBuildFile; fileRef = 3E1E15A32A2C900A00C32C67 /* UpcomingViewController.swift */; };
		3E1E15A62A2C905B00C32C67 /* SearchViewController.swift in Sources */ = {isa = PBXBuildFile; fileRef = 3E1E15A52A2C905B00C32C67 /* SearchViewController.swift */; };
		3E1E15A82A2C908F00C32C67 /* DownloadsViewController.swift in Sources */ = {isa = PBXBuildFile; fileRef = 3E1E15A72A2C908F00C32C67 /* DownloadsViewController.swift */; };
		3EB96DEC2A31981C00D34BD8 /* TitleTableViewCell.swift in Sources */ = {isa = PBXBuildFile; fileRef = 3EB96DEB2A31981C00D34BD8 /* TitleTableViewCell.swift */; };
		3EB96DEE2A319BCA00D34BD8 /* TitleViewModel.swift in Sources */ = {isa = PBXBuildFile; fileRef = 3EB96DED2A319BCA00D34BD8 /* TitleViewModel.swift */; };
		3ED086872A2D0A1200CE68F1 /* APICaller.swift in Sources */ = {isa = PBXBuildFile; fileRef = 3ED086862A2D0A1200CE68F1 /* APICaller.swift */; };
		3ED086892A2D108000CE68F1 /* Title.swift in Sources */ = {isa = PBXBuildFile; fileRef = 3ED086882A2D108000CE68F1 /* Title.swift */; };
		3EFCD2922A2CB7250094A5C6 /* CollectionViewTableViewCell.swift in Sources */ = {isa = PBXBuildFile; fileRef = 3EFCD2912A2CB7250094A5C6 /* CollectionViewTableViewCell.swift */; };
		3EFCD2942A2CC9420094A5C6 /* HeroHeaderUIView.swift in Sources */ = {isa = PBXBuildFile; fileRef = 3EFCD2932A2CC9420094A5C6 /* HeroHeaderUIView.swift */; };
/* End PBXBuildFile section */

/* Begin PBXFileReference section */
		3E0847162A311AB100F8BB63 /* Extensions.swift */ = {isa = PBXFileReference; lastKnownFileType = sourcecode.swift; path = Extensions.swift; sourceTree = "<group>"; };
		3E08471A2A312A3D00F8BB63 /* TitleCollectionViewCell.swift */ = {isa = PBXFileReference; lastKnownFileType = sourcecode.swift; path = TitleCollectionViewCell.swift; sourceTree = "<group>"; };
		3E1E15892A2C8B7C00C32C67 /* Netflix Clone.app */ = {isa = PBXFileReference; explicitFileType = wrapper.application; includeInIndex = 0; path = "Netflix Clone.app"; sourceTree = BUILT_PRODUCTS_DIR; };
		3E1E158C2A2C8B7C00C32C67 /* AppDelegate.swift */ = {isa = PBXFileReference; lastKnownFileType = sourcecode.swift; path = AppDelegate.swift; sourceTree = "<group>"; };
		3E1E158E2A2C8B7C00C32C67 /* SceneDelegate.swift */ = {isa = PBXFileReference; lastKnownFileType = sourcecode.swift; path = SceneDelegate.swift; sourceTree = "<group>"; };
		3E1E15902A2C8B7C00C32C67 /* MainTabBarViewController.swift */ = {isa = PBXFileReference; lastKnownFileType = sourcecode.swift; path = MainTabBarViewController.swift; sourceTree = "<group>"; };
		3E1E15952A2C8B7E00C32C67 /* Assets.xcassets */ = {isa = PBXFileReference; lastKnownFileType = folder.assetcatalog; path = Assets.xcassets; sourceTree = "<group>"; };
		3E1E15982A2C8B7E00C32C67 /* Base */ = {isa = PBXFileReference; lastKnownFileType = file.storyboard; name = Base; path = Base.lproj/LaunchScreen.storyboard; sourceTree = "<group>"; };
		3E1E159A2A2C8B7E00C32C67 /* Info.plist */ = {isa = PBXFileReference; lastKnownFileType = text.plist.xml; path = Info.plist; sourceTree = "<group>"; };
		3E1E15A12A2C8FB300C32C67 /* HomeViewController.swift */ = {isa = PBXFileReference; lastKnownFileType = sourcecode.swift; path = HomeViewController.swift; sourceTree = "<group>"; };
		3E1E15A32A2C900A00C32C67 /* UpcomingViewController.swift */ = {isa = PBXFileReference; lastKnownFileType = sourcecode.swift; path = UpcomingViewController.swift; sourceTree = "<group>"; };
		3E1E15A52A2C905B00C32C67 /* SearchViewController.swift */ = {isa = PBXFileReference; lastKnownFileType = sourcecode.swift; path = SearchViewController.swift; sourceTree = "<group>"; };
		3E1E15A72A2C908F00C32C67 /* DownloadsViewController.swift */ = {isa = PBXFileReference; lastKnownFileType = sourcecode.swift; path = DownloadsViewController.swift; sourceTree = "<group>"; };
		3EB96DEB2A31981C00D34BD8 /* TitleTableViewCell.swift */ = {isa = PBXFileReference; lastKnownFileType = sourcecode.swift; path = TitleTableViewCell.swift; sourceTree = "<group>"; };
		3EB96DED2A319BCA00D34BD8 /* TitleViewModel.swift */ = {isa = PBXFileReference; lastKnownFileType = sourcecode.swift; path = TitleViewModel.swift; sourceTree = "<group>"; };
		3ED086862A2D0A1200CE68F1 /* APICaller.swift */ = {isa = PBXFileReference; lastKnownFileType = sourcecode.swift; path = APICaller.swift; sourceTree = "<group>"; };
		3ED086882A2D108000CE68F1 /* Title.swift */ = {isa = PBXFileReference; lastKnownFileType = sourcecode.swift; path = Title.swift; sourceTree = "<group>"; };
		3EFCD2912A2CB7250094A5C6 /* CollectionViewTableViewCell.swift */ = {isa = PBXFileReference; lastKnownFileType = sourcecode.swift; path = CollectionViewTableViewCell.swift; sourceTree = "<group>"; };
		3EFCD2932A2CC9420094A5C6 /* HeroHeaderUIView.swift */ = {isa = PBXFileReference; lastKnownFileType = sourcecode.swift; path = HeroHeaderUIView.swift; sourceTree = "<group>"; };
/* End PBXFileReference section */

/* Begin PBXFrameworksBuildPhase section */
		3E1E15862A2C8B7C00C32C67 /* Frameworks */ = {
			isa = PBXFrameworksBuildPhase;
			buildActionMask = 2147483647;
			files = (
				3E08471E2A312C5600F8BB63 /* SDWebImageSwiftUI in Frameworks */,
			);
			runOnlyForDeploymentPostprocessing = 0;
		};
/* End PBXFrameworksBuildPhase section */

/* Begin PBXGroup section */
		3E1E15802A2C8B7C00C32C67 = {
			isa = PBXGroup;
			children = (
				3E1E158B2A2C8B7C00C32C67 /* Netflix Clone */,
				3E1E158A2A2C8B7C00C32C67 /* Products */,
			);
			sourceTree = "<group>";
		};
		3E1E158A2A2C8B7C00C32C67 /* Products */ = {
			isa = PBXGroup;
			children = (
				3E1E15892A2C8B7C00C32C67 /* Netflix Clone.app */,
			);
			name = Products;
			sourceTree = "<group>";
		};
		3E1E158B2A2C8B7C00C32C67 /* Netflix Clone */ = {
			isa = PBXGroup;
			children = (
				3EFCD2902A2CB6C70094A5C6 /* Managers */,
				3EFCD28F2A2CB6B70094A5C6 /* Resources */,
				3EFCD28E2A2CB66C0094A5C6 /* Models */,
				3EFCD28C2A2CB6120094A5C6 /* Views */,
				3EFCD28D2A2CB63F0094A5C6 /* ViewModels */,
				3E1E15A02A2C8F2B00C32C67 /* Controllers */,
				3E1E158C2A2C8B7C00C32C67 /* AppDelegate.swift */,
				3E1E158E2A2C8B7C00C32C67 /* SceneDelegate.swift */,
				3E1E15902A2C8B7C00C32C67 /* MainTabBarViewController.swift */,
				3E1E15952A2C8B7E00C32C67 /* Assets.xcassets */,
				3E1E15972A2C8B7E00C32C67 /* LaunchScreen.storyboard */,
				3E1E159A2A2C8B7E00C32C67 /* Info.plist */,
			);
			path = "Netflix Clone";
			sourceTree = "<group>";
		};
		3E1E15A02A2C8F2B00C32C67 /* Controllers */ = {
			isa = PBXGroup;
			children = (
				3E1E15A12A2C8FB300C32C67 /* HomeViewController.swift */,
				3E1E15A32A2C900A00C32C67 /* UpcomingViewController.swift */,
				3E1E15A52A2C905B00C32C67 /* SearchViewController.swift */,
				3E1E15A72A2C908F00C32C67 /* DownloadsViewController.swift */,
			);
			path = Controllers;
			sourceTree = "<group>";
		};
		3EFCD28C2A2CB6120094A5C6 /* Views */ = {
			isa = PBXGroup;
			children = (
				3EFCD2912A2CB7250094A5C6 /* CollectionViewTableViewCell.swift */,
				3EFCD2932A2CC9420094A5C6 /* HeroHeaderUIView.swift */,
				3E08471A2A312A3D00F8BB63 /* TitleCollectionViewCell.swift */,
				3EB96DEB2A31981C00D34BD8 /* TitleTableViewCell.swift */,
			);
			path = Views;
			sourceTree = "<group>";
		};
		3EFCD28D2A2CB63F0094A5C6 /* ViewModels */ = {
			isa = PBXGroup;
			children = (
				3EB96DED2A319BCA00D34BD8 /* TitleViewModel.swift */,
			);
			path = ViewModels;
			sourceTree = "<group>";
		};
		3EFCD28E2A2CB66C0094A5C6 /* Models */ = {
			isa = PBXGroup;
			children = (
				3ED086882A2D108000CE68F1 /* Title.swift */,
			);
			path = Models;
			sourceTree = "<group>";
		};
		3EFCD28F2A2CB6B70094A5C6 /* Resources */ = {
			isa = PBXGroup;
			children = (
				3E0847162A311AB100F8BB63 /* Extensions.swift */,
			);
			path = Resources;
			sourceTree = "<group>";
		};
		3EFCD2902A2CB6C70094A5C6 /* Managers */ = {
			isa = PBXGroup;
			children = (
				3ED086862A2D0A1200CE68F1 /* APICaller.swift */,
			);
			path = Managers;
			sourceTree = "<group>";
		};
/* End PBXGroup section */

/* Begin PBXNativeTarget section */
		3E1E15882A2C8B7C00C32C67 /* Netflix Clone */ = {
			isa = PBXNativeTarget;
			buildConfigurationList = 3E1E159D2A2C8B7E00C32C67 /* Build configuration list for PBXNativeTarget "Netflix Clone" */;
			buildPhases = (
				3E1E15852A2C8B7C00C32C67 /* Sources */,
				3E1E15862A2C8B7C00C32C67 /* Frameworks */,
				3E1E15872A2C8B7C00C32C67 /* Resources */,
			);
			buildRules = (
			);
			dependencies = (
			);
			name = "Netflix Clone";
			packageProductDependencies = (
				3E08471D2A312C5600F8BB63 /* SDWebImageSwiftUI */,
			);
			productName = "Netflix Clone";
			productReference = 3E1E15892A2C8B7C00C32C67 /* Netflix Clone.app */;
			productType = "com.apple.product-type.application";
		};
/* End PBXNativeTarget section */

/* Begin PBXProject section */
		3E1E15812A2C8B7C00C32C67 /* Project object */ = {
			isa = PBXProject;
			attributes = {
				BuildIndependentTargetsInParallel = 1;
				LastSwiftUpdateCheck = 1420;
				LastUpgradeCheck = 1420;
				TargetAttributes = {
					3E1E15882A2C8B7C00C32C67 = {
						CreatedOnToolsVersion = 14.2;
					};
				};
			};
			buildConfigurationList = 3E1E15842A2C8B7C00C32C67 /* Build configuration list for PBXProject "Netflix Clone" */;
			compatibilityVersion = "Xcode 14.0";
			developmentRegion = en;
			hasScannedForEncodings = 0;
			knownRegions = (
				en,
				Base,
			);
			mainGroup = 3E1E15802A2C8B7C00C32C67;
			packageReferences = (
				3E08471C2A312C5600F8BB63 /* XCRemoteSwiftPackageReference "SDWebImageSwiftUI" */,
			);
			productRefGroup = 3E1E158A2A2C8B7C00C32C67 /* Products */;
			projectDirPath = "";
			projectRoot = "";
			targets = (
				3E1E15882A2C8B7C00C32C67 /* Netflix Clone */,
			);
		};
/* End PBXProject section */

/* Begin PBXResourcesBuildPhase section */
		3E1E15872A2C8B7C00C32C67 /* Resources */ = {
			isa = PBXResourcesBuildPhase;
			buildActionMask = 2147483647;
			files = (
				3E1E15992A2C8B7E00C32C67 /* LaunchScreen.storyboard in Resources */,
				3E1E15962A2C8B7E00C32C67 /* Assets.xcassets in Resources */,
			);
			runOnlyForDeploymentPostprocessing = 0;
		};
/* End PBXResourcesBuildPhase section */

/* Begin PBXSourcesBuildPhase section */
		3E1E15852A2C8B7C00C32C67 /* Sources */ = {
			isa = PBXSourcesBuildPhase;
			buildActionMask = 2147483647;
			files = (
				3EB96DEC2A31981C00D34BD8 /* TitleTableViewCell.swift in Sources */,
				3E1E15A62A2C905B00C32C67 /* SearchViewController.swift in Sources */,
				3E08471B2A312A3D00F8BB63 /* TitleCollectionViewCell.swift in Sources */,
				3E1E15912A2C8B7C00C32C67 /* MainTabBarViewController.swift in Sources */,
				3EFCD2922A2CB7250094A5C6 /* CollectionViewTableViewCell.swift in Sources */,
				3ED086872A2D0A1200CE68F1 /* APICaller.swift in Sources */,
				3EFCD2942A2CC9420094A5C6 /* HeroHeaderUIView.swift in Sources */,
				3E1E15A82A2C908F00C32C67 /* DownloadsViewController.swift in Sources */,
				3E1E158D2A2C8B7C00C32C67 /* AppDelegate.swift in Sources */,
				3E0847172A311AB100F8BB63 /* Extensions.swift in Sources */,
				3E1E158F2A2C8B7C00C32C67 /* SceneDelegate.swift in Sources */,
				3E1E15A42A2C900A00C32C67 /* UpcomingViewController.swift in Sources */,
				3ED086892A2D108000CE68F1 /* Title.swift in Sources */,
				3E1E15A22A2C8FB300C32C67 /* HomeViewController.swift in Sources */,
				3EB96DEE2A319BCA00D34BD8 /* TitleViewModel.swift in Sources */,
			);
			runOnlyForDeploymentPostprocessing = 0;
		};
/* End PBXSourcesBuildPhase section */

/* Begin PBXVariantGroup section */
		3E1E15972A2C8B7E00C32C67 /* LaunchScreen.storyboard */ = {
			isa = PBXVariantGroup;
			children = (
				3E1E15982A2C8B7E00C32C67 /* Base */,
			);
			name = LaunchScreen.storyboard;
			sourceTree = "<group>";
		};
/* End PBXVariantGroup section */

/* Begin XCBuildConfiguration section */
		3E1E159B2A2C8B7E00C32C67 /* Debug */ = {
			isa = XCBuildConfiguration;
			buildSettings = {
				ALWAYS_SEARCH_USER_PATHS = NO;
				CLANG_ANALYZER_NONNULL = YES;
				CLANG_ANALYZER_NUMBER_OBJECT_CONVERSION = YES_AGGRESSIVE;
				CLANG_CXX_LANGUAGE_STANDARD = "gnu++20";
				CLANG_ENABLE_MODULES = YES;
				CLANG_ENABLE_OBJC_ARC = YES;
				CLANG_ENABLE_OBJC_WEAK = YES;
				CLANG_WARN_BLOCK_CAPTURE_AUTORELEASING = YES;
				CLANG_WARN_BOOL_CONVERSION = YES;
				CLANG_WARN_COMMA = YES;
				CLANG_WARN_CONSTANT_CONVERSION = YES;
				CLANG_WARN_DEPRECATED_OBJC_IMPLEMENTATIONS = YES;
				CLANG_WARN_DIRECT_OBJC_ISA_USAGE = YES_ERROR;
				CLANG_WARN_DOCUMENTATION_COMMENTS = YES;
				CLANG_WARN_EMPTY_BODY = YES;
				CLANG_WARN_ENUM_CONVERSION = YES;
				CLANG_WARN_INFINITE_RECURSION = YES;
				CLANG_WARN_INT_CONVERSION = YES;
				CLANG_WARN_NON_LITERAL_NULL_CONVERSION = YES;
				CLANG_WARN_OBJC_IMPLICIT_RETAIN_SELF = YES;
				CLANG_WARN_OBJC_LITERAL_CONVERSION = YES;
				CLANG_WARN_OBJC_ROOT_CLASS = YES_ERROR;
				CLANG_WARN_QUOTED_INCLUDE_IN_FRAMEWORK_HEADER = YES;
				CLANG_WARN_RANGE_LOOP_ANALYSIS = YES;
				CLANG_WARN_STRICT_PROTOTYPES = YES;
				CLANG_WARN_SUSPICIOUS_MOVE = YES;
				CLANG_WARN_UNGUARDED_AVAILABILITY = YES_AGGRESSIVE;
				CLANG_WARN_UNREACHABLE_CODE = YES;
				CLANG_WARN__DUPLICATE_METHOD_MATCH = YES;
				COPY_PHASE_STRIP = NO;
				DEBUG_INFORMATION_FORMAT = dwarf;
				ENABLE_STRICT_OBJC_MSGSEND = YES;
				ENABLE_TESTABILITY = YES;
				GCC_C_LANGUAGE_STANDARD = gnu11;
				GCC_DYNAMIC_NO_PIC = NO;
				GCC_NO_COMMON_BLOCKS = YES;
				GCC_OPTIMIZATION_LEVEL = 0;
				GCC_PREPROCESSOR_DEFINITIONS = (
					"DEBUG=1",
					"$(inherited)",
				);
				GCC_WARN_64_TO_32_BIT_CONVERSION = YES;
				GCC_WARN_ABOUT_RETURN_TYPE = YES_ERROR;
				GCC_WARN_UNDECLARED_SELECTOR = YES;
				GCC_WARN_UNINITIALIZED_AUTOS = YES_AGGRESSIVE;
				GCC_WARN_UNUSED_FUNCTION = YES;
				GCC_WARN_UNUSED_VARIABLE = YES;
				IPHONEOS_DEPLOYMENT_TARGET = 16.2;
				MTL_ENABLE_DEBUG_INFO = INCLUDE_SOURCE;
				MTL_FAST_MATH = YES;
				ONLY_ACTIVE_ARCH = YES;
				SDKROOT = iphoneos;
				SWIFT_ACTIVE_COMPILATION_CONDITIONS = DEBUG;
				SWIFT_OPTIMIZATION_LEVEL = "-Onone";
			};
			name = Debug;
		};
		3E1E159C2A2C8B7E00C32C67 /* Release */ = {
			isa = XCBuildConfiguration;
			buildSettings = {
				ALWAYS_SEARCH_USER_PATHS = NO;
				CLANG_ANALYZER_NONNULL = YES;
				CLANG_ANALYZER_NUMBER_OBJECT_CONVERSION = YES_AGGRESSIVE;
				CLANG_CXX_LANGUAGE_STANDARD = "gnu++20";
				CLANG_ENABLE_MODULES = YES;
				CLANG_ENABLE_OBJC_ARC = YES;
				CLANG_ENABLE_OBJC_WEAK = YES;
				CLANG_WARN_BLOCK_CAPTURE_AUTORELEASING = YES;
				CLANG_WARN_BOOL_CONVERSION = YES;
				CLANG_WARN_COMMA = YES;
				CLANG_WARN_CONSTANT_CONVERSION = YES;
				CLANG_WARN_DEPRECATED_OBJC_IMPLEMENTATIONS = YES;
				CLANG_WARN_DIRECT_OBJC_ISA_USAGE = YES_ERROR;
				CLANG_WARN_DOCUMENTATION_COMMENTS = YES;
				CLANG_WARN_EMPTY_BODY = YES;
				CLANG_WARN_ENUM_CONVERSION = YES;
				CLANG_WARN_INFINITE_RECURSION = YES;
				CLANG_WARN_INT_CONVERSION = YES;
				CLANG_WARN_NON_LITERAL_NULL_CONVERSION = YES;
				CLANG_WARN_OBJC_IMPLICIT_RETAIN_SELF = YES;
				CLANG_WARN_OBJC_LITERAL_CONVERSION = YES;
				CLANG_WARN_OBJC_ROOT_CLASS = YES_ERROR;
				CLANG_WARN_QUOTED_INCLUDE_IN_FRAMEWORK_HEADER = YES;
				CLANG_WARN_RANGE_LOOP_ANALYSIS = YES;
				CLANG_WARN_STRICT_PROTOTYPES = YES;
				CLANG_WARN_SUSPICIOUS_MOVE = YES;
				CLANG_WARN_UNGUARDED_AVAILABILITY = YES_AGGRESSIVE;
				CLANG_WARN_UNREACHABLE_CODE = YES;
				CLANG_WARN__DUPLICATE_METHOD_MATCH = YES;
				COPY_PHASE_STRIP = NO;
				DEBUG_INFORMATION_FORMAT = "dwarf-with-dsym";
				ENABLE_NS_ASSERTIONS = NO;
				ENABLE_STRICT_OBJC_MSGSEND = YES;
				GCC_C_LANGUAGE_STANDARD = gnu11;
				GCC_NO_COMMON_BLOCKS = YES;
				GCC_WARN_64_TO_32_BIT_CONVERSION = YES;
				GCC_WARN_ABOUT_RETURN_TYPE = YES_ERROR;
				GCC_WARN_UNDECLARED_SELECTOR = YES;
				GCC_WARN_UNINITIALIZED_AUTOS = YES_AGGRESSIVE;
				GCC_WARN_UNUSED_FUNCTION = YES;
				GCC_WARN_UNUSED_VARIABLE = YES;
				IPHONEOS_DEPLOYMENT_TARGET = 16.2;
				MTL_ENABLE_DEBUG_INFO = NO;
				MTL_FAST_MATH = YES;
				SDKROOT = iphoneos;
				SWIFT_COMPILATION_MODE = wholemodule;
				SWIFT_OPTIMIZATION_LEVEL = "-O";
				VALIDATE_PRODUCT = YES;
			};
			name = Release;
		};
		3E1E159E2A2C8B7E00C32C67 /* Debug */ = {
			isa = XCBuildConfiguration;
			buildSettings = {
				ASSETCATALOG_COMPILER_APPICON_NAME = AppIcon;
				ASSETCATALOG_COMPILER_GLOBAL_ACCENT_COLOR_NAME = AccentColor;
				CODE_SIGN_STYLE = Automatic;
				CURRENT_PROJECT_VERSION = 1;
				GENERATE_INFOPLIST_FILE = YES;
				INFOPLIST_FILE = "Netflix Clone/Info.plist";
				INFOPLIST_KEY_UIApplicationSupportsIndirectInputEvents = YES;
				INFOPLIST_KEY_UILaunchStoryboardName = LaunchScreen;
				INFOPLIST_KEY_UISupportedInterfaceOrientations_iPad = "UIInterfaceOrientationPortrait UIInterfaceOrientationPortraitUpsideDown UIInterfaceOrientationLandscapeLeft UIInterfaceOrientationLandscapeRight";
				INFOPLIST_KEY_UISupportedInterfaceOrientations_iPhone = "UIInterfaceOrientationPortrait UIInterfaceOrientationLandscapeLeft UIInterfaceOrientationLandscapeRight";
				LD_RUNPATH_SEARCH_PATHS = (
					"$(inherited)",
					"@executable_path/Frameworks",
				);
				MARKETING_VERSION = 1.0;
				PRODUCT_BUNDLE_IDENTIFIER = "com.yusron.Netflix-Clone";
				PRODUCT_NAME = "$(TARGET_NAME)";
				SWIFT_EMIT_LOC_STRINGS = YES;
				SWIFT_VERSION = 5.0;
				TARGETED_DEVICE_FAMILY = "1,2";
			};
			name = Debug;
		};
		3E1E159F2A2C8B7E00C32C67 /* Release */ = {
			isa = XCBuildConfiguration;
			buildSettings = {
				ASSETCATALOG_COMPILER_APPICON_NAME = AppIcon;
				ASSETCATALOG_COMPILER_GLOBAL_ACCENT_COLOR_NAME = AccentColor;
				CODE_SIGN_STYLE = Automatic;
				CURRENT_PROJECT_VERSION = 1;
				GENERATE_INFOPLIST_FILE = YES;
				INFOPLIST_FILE = "Netflix Clone/Info.plist";
				INFOPLIST_KEY_UIApplicationSupportsIndirectInputEvents = YES;
				INFOPLIST_KEY_UILaunchStoryboardName = LaunchScreen;
				INFOPLIST_KEY_UISupportedInterfaceOrientations_iPad = "UIInterfaceOrientationPortrait UIInterfaceOrientationPortraitUpsideDown UIInterfaceOrientationLandscapeLeft UIInterfaceOrientationLandscapeRight";
				INFOPLIST_KEY_UISupportedInterfaceOrientations_iPhone = "UIInterfaceOrientationPortrait UIInterfaceOrientationLandscapeLeft UIInterfaceOrientationLandscapeRight";
				LD_RUNPATH_SEARCH_PATHS = (
					"$(inherited)",
					"@executable_path/Frameworks",
				);
				MARKETING_VERSION = 1.0;
				PRODUCT_BUNDLE_IDENTIFIER = "com.yusron.Netflix-Clone";
				PRODUCT_NAME = "$(TARGET_NAME)";
				SWIFT_EMIT_LOC_STRINGS = YES;
				SWIFT_VERSION = 5.0;
				TARGETED_DEVICE_FAMILY = "1,2";
			};
			name = Release;
		};
/* End XCBuildConfiguration section */

/* Begin XCConfigurationList section */
		3E1E15842A2C8B7C00C32C67 /* Build configuration list for PBXProject "Netflix Clone" */ = {
			isa = XCConfigurationList;
			buildConfigurations = (
				3E1E159B2A2C8B7E00C32C67 /* Debug */,
				3E1E159C2A2C8B7E00C32C67 /* Release */,
			);
			defaultConfigurationIsVisible = 0;
			defaultConfigurationName = Release;
		};
		3E1E159D2A2C8B7E00C32C67 /* Build configuration list for PBXNativeTarget "Netflix Clone" */ = {
			isa = XCConfigurationList;
			buildConfigurations = (
				3E1E159E2A2C8B7E00C32C67 /* Debug */,
				3E1E159F2A2C8B7E00C32C67 /* Release */,
			);
			defaultConfigurationIsVisible = 0;
			defaultConfigurationName = Release;
		};
/* End XCConfigurationList section */

/* Begin XCRemoteSwiftPackageReference section */
		3E08471C2A312C5600F8BB63 /* XCRemoteSwiftPackageReference "SDWebImageSwiftUI" */ = {
			isa = XCRemoteSwiftPackageReference;
			repositoryURL = "https://github.com/SDWebImage/SDWebImageSwiftUI.git";
			requirement = {
				kind = upToNextMajorVersion;
				minimumVersion = 2.0.0;
			};
		};
/* End XCRemoteSwiftPackageReference section */

/* Begin XCSwiftPackageProductDependency section */
		3E08471D2A312C5600F8BB63 /* SDWebImageSwiftUI */ = {
			isa = XCSwiftPackageProductDependency;
			package = 3E08471C2A312C5600F8BB63 /* XCRemoteSwiftPackageReference "SDWebImageSwiftUI" */;
			productName = SDWebImageSwiftUI;
		};
/* End XCSwiftPackageProductDependency section */
	};
	rootObject = 3E1E15812A2C8B7C00C32C67 /* Project object */;
}
